
Microsoft Visual Studio Solution File, Format Version 12.00
# Visual Studio Version 17
VisualStudioVersion = 17.0.31903.59
MinimumVisualStudioVersion = 10.0.40219.1
Project("{FAE04EC0-301F-11D3-BF4B-00C04F79EFBC}") = "API", "API\API.csproj", "{FEF1EC6A-C01B-441E-9321-3EC46D6200A9}"
EndProject
Project("{FAE04EC0-301F-11D3-BF4B-00C04F79EFBC}") = "Application", "Application\Application.csproj", "{22DF53F0-2615-4434-9A49-DB82F83A6639}"
EndProject
Project("{FAE04EC0-301F-11D3-BF4B-00C04F79EFBC}") = "Persistence", "Persistence\Persistence.csproj", "{76D92D82-EC0E-4357-BE9E-8F66EA27BBB8}"
EndProject
Project("{FAE04EC0-301F-11D3-BF4B-00C04F79EFBC}") = "Domain", "Domain\Domain.csproj", "{EC823918-7B80-44F3-A49A-245AFFE06809}"
EndProject
Global
	GlobalSection(SolutionConfigurationPlatforms) = preSolution
		Debug|Any CPU = Debug|Any CPU
		Debug|x64 = Debug|x64
		Debug|x86 = Debug|x86
		Release|Any CPU = Release|Any CPU
		Release|x64 = Release|x64
		Release|x86 = Release|x86
	EndGlobalSection
	GlobalSection(ProjectConfigurationPlatforms) = postSolution
		{FEF1EC6A-C01B-441E-9321-3EC46D6200A9}.Debug|Any CPU.ActiveCfg = Debug|Any CPU
		{FEF1EC6A-C01B-441E-9321-3EC46D6200A9}.Debug|Any CPU.Build.0 = Debug|Any CPU
		{FEF1EC6A-C01B-441E-9321-3EC46D6200A9}.Debug|x64.ActiveCfg = Debug|Any CPU
		{FEF1EC6A-C01B-441E-9321-3EC46D6200A9}.Debug|x64.Build.0 = Debug|Any CPU
		{FEF1EC6A-C01B-441E-9321-3EC46D6200A9}.Debug|x86.ActiveCfg = Debug|Any CPU
		{FEF1EC6A-C01B-441E-9321-3EC46D6200A9}.Debug|x86.Build.0 = Debug|Any CPU
		{FEF1EC6A-C01B-441E-9321-3EC46D6200A9}.Release|Any CPU.ActiveCfg = Release|Any CPU
		{FEF1EC6A-C01B-441E-9321-3EC46D6200A9}.Release|Any CPU.Build.0 = Release|Any CPU
		{FEF1EC6A-C01B-441E-9321-3EC46D6200A9}.Release|x64.ActiveCfg = Release|Any CPU
		{FEF1EC6A-C01B-441E-9321-3EC46D6200A9}.Release|x64.Build.0 = Release|Any CPU
		{FEF1EC6A-C01B-441E-9321-3EC46D6200A9}.Release|x86.ActiveCfg = Release|Any CPU
		{FEF1EC6A-C01B-441E-9321-3EC46D6200A9}.Release|x86.Build.0 = Release|Any CPU
		{22DF53F0-2615-4434-9A49-DB82F83A6639}.Debug|Any CPU.ActiveCfg = Debug|Any CPU
		{22DF53F0-2615-4434-9A49-DB82F83A6639}.Debug|Any CPU.Build.0 = Debug|Any CPU
		{22DF53F0-2615-4434-9A49-DB82F83A6639}.Debug|x64.ActiveCfg = Debug|Any CPU
		{22DF53F0-2615-4434-9A49-DB82F83A6639}.Debug|x64.Build.0 = Debug|Any CPU
		{22DF53F0-2615-4434-9A49-DB82F83A6639}.Debug|x86.ActiveCfg = Debug|Any CPU
		{22DF53F0-2615-4434-9A49-DB82F83A6639}.Debug|x86.Build.0 = Debug|Any CPU
		{22DF53F0-2615-4434-9A49-DB82F83A6639}.Release|Any CPU.ActiveCfg = Release|Any CPU
		{22DF53F0-2615-4434-9A49-DB82F83A6639}.Release|Any CPU.Build.0 = Release|Any CPU
		{22DF53F0-2615-4434-9A49-DB82F83A6639}.Release|x64.ActiveCfg = Release|Any CPU
		{22DF53F0-2615-4434-9A49-DB82F83A6639}.Release|x64.Build.0 = Release|Any CPU
		{22DF53F0-2615-4434-9A49-DB82F83A6639}.Release|x86.ActiveCfg = Release|Any CPU
		{22DF53F0-2615-4434-9A49-DB82F83A6639}.Release|x86.Build.0 = Release|Any CPU
		{76D92D82-EC0E-4357-BE9E-8F66EA27BBB8}.Debug|Any CPU.ActiveCfg = Debug|Any CPU
		{76D92D82-EC0E-4357-BE9E-8F66EA27BBB8}.Debug|Any CPU.Build.0 = Debug|Any CPU
		{76D92D82-EC0E-4357-BE9E-8F66EA27BBB8}.Debug|x64.ActiveCfg = Debug|Any CPU
		{76D92D82-EC0E-4357-BE9E-8F66EA27BBB8}.Debug|x64.Build.0 = Debug|Any CPU
		{76D92D82-EC0E-4357-BE9E-8F66EA27BBB8}.Debug|x86.ActiveCfg = Debug|Any CPU
		{76D92D82-EC0E-4357-BE9E-8F66EA27BBB8}.Debug|x86.Build.0 = Debug|Any CPU
		{76D92D82-EC0E-4357-BE9E-8F66EA27BBB8}.Release|Any CPU.ActiveCfg = Release|Any CPU
		{76D92D82-EC0E-4357-BE9E-8F66EA27BBB8}.Release|Any CPU.Build.0 = Release|Any CPU
		{76D92D82-EC0E-4357-BE9E-8F66EA27BBB8}.Release|x64.ActiveCfg = Release|Any CPU
		{76D92D82-EC0E-4357-BE9E-8F66EA27BBB8}.Release|x64.Build.0 = Release|Any CPU
		{76D92D82-EC0E-4357-BE9E-8F66EA27BBB8}.Release|x86.ActiveCfg = Release|Any CPU
		{76D92D82-EC0E-4357-BE9E-8F66EA27BBB8}.Release|x86.Build.0 = Release|Any CPU
		{EC823918-7B80-44F3-A49A-245AFFE06809}.Debug|Any CPU.ActiveCfg = Debug|Any CPU
		{EC823918-7B80-44F3-A49A-245AFFE06809}.Debug|Any CPU.Build.0 = Debug|Any CPU
		{EC823918-7B80-44F3-A49A-245AFFE06809}.Debug|x64.ActiveCfg = Debug|Any CPU
		{EC823918-7B80-44F3-A49A-245AFFE06809}.Debug|x64.Build.0 = Debug|Any CPU
		{EC823918-7B80-44F3-A49A-245AFFE06809}.Debug|x86.ActiveCfg = Debug|Any CPU
		{EC823918-7B80-44F3-A49A-245AFFE06809}.Debug|x86.Build.0 = Debug|Any CPU
		{EC823918-7B80-44F3-A49A-245AFFE06809}.Release|Any CPU.ActiveCfg = Release|Any CPU
		{EC823918-7B80-44F3-A49A-245AFFE06809}.Release|Any CPU.Build.0 = Release|Any CPU
		{EC823918-7B80-44F3-A49A-245AFFE06809}.Release|x64.ActiveCfg = Release|Any CPU
		{EC823918-7B80-44F3-A49A-245AFFE06809}.Release|x64.Build.0 = Release|Any CPU
		{EC823918-7B80-44F3-A49A-245AFFE06809}.Release|x86.ActiveCfg = Release|Any CPU
		{EC823918-7B80-44F3-A49A-245AFFE06809}.Release|x86.Build.0 = Release|Any CPU
	EndGlobalSection
	GlobalSection(SolutionProperties) = preSolution
		HideSolutionNode = FALSE
	EndGlobalSection
EndGlobal
